// !$*UTF8*$!
{
	archiveVersion = 1;
	classes = {
	};
	objectVersion = 56;
	objects = {

/* Begin PBXBuildFile section */
		FC4F91D22BF4B5640096DB45 /* LeafyLogApp.swift in Sources */ = {isa = PBXBuildFile; fileRef = FC4F91D12BF4B5640096DB45 /* LeafyLogApp.swift */; };
		FC4F91D42BF4B5640096DB45 /* ContentView.swift in Sources */ = {isa = PBXBuildFile; fileRef = FC4F91D32BF4B5640096DB45 /* ContentView.swift */; };
		FC4F91D62BF4B5660096DB45 /* Assets.xcassets in Resources */ = {isa = PBXBuildFile; fileRef = FC4F91D52BF4B5660096DB45 /* Assets.xcassets */; };
		FC4F91D92BF4B5660096DB45 /* Preview Assets.xcassets in Resources */ = {isa = PBXBuildFile; fileRef = FC4F91D82BF4B5660096DB45 /* Preview Assets.xcassets */; };
		FC4F91E02BF4B7B40096DB45 /* GoogleService-Info.plist in Resources */ = {isa = PBXBuildFile; fileRef = FC4F91DF2BF4B7B40096DB45 /* GoogleService-Info.plist */; };
		FC4F91F32BF4BC6B0096DB45 /* ProfileView.swift in Sources */ = {isa = PBXBuildFile; fileRef = FC4F91F22BF4BC6B0096DB45 /* ProfileView.swift */; };
		FC4F91F52BF4BC970096DB45 /* LogView.swift in Sources */ = {isa = PBXBuildFile; fileRef = FC4F91F42BF4BC970096DB45 /* LogView.swift */; };
		FC4F91F72BF4BCC30096DB45 /* NewLogItemView.swift in Sources */ = {isa = PBXBuildFile; fileRef = FC4F91F62BF4BCC30096DB45 /* NewLogItemView.swift */; };
		FC4F91F92BF4BCD80096DB45 /* LoginView.swift in Sources */ = {isa = PBXBuildFile; fileRef = FC4F91F82BF4BCD80096DB45 /* LoginView.swift */; };
		FC4F91FB2BF4BCEE0096DB45 /* RegisterView.swift in Sources */ = {isa = PBXBuildFile; fileRef = FC4F91FA2BF4BCEE0096DB45 /* RegisterView.swift */; };
		FC4F91FD2BF4BD0B0096DB45 /* LogItemView.swift in Sources */ = {isa = PBXBuildFile; fileRef = FC4F91FC2BF4BD0B0096DB45 /* LogItemView.swift */; };
		FC4F91FF2BF4BD380096DB45 /* User.swift in Sources */ = {isa = PBXBuildFile; fileRef = FC4F91FE2BF4BD380096DB45 /* User.swift */; };
		FC4F92012BF4BD420096DB45 /* LogItem.swift in Sources */ = {isa = PBXBuildFile; fileRef = FC4F92002BF4BD420096DB45 /* LogItem.swift */; };
		FC4F92032BF4BD800096DB45 /* ContentViewVM.swift in Sources */ = {isa = PBXBuildFile; fileRef = FC4F92022BF4BD800096DB45 /* ContentViewVM.swift */; };
		FC4F92052BF4BD8F0096DB45 /* ProfileViewVM.swift in Sources */ = {isa = PBXBuildFile; fileRef = FC4F92042BF4BD8F0096DB45 /* ProfileViewVM.swift */; };
		FC4F92072BF4BD9E0096DB45 /* LogViewVM.swift in Sources */ = {isa = PBXBuildFile; fileRef = FC4F92062BF4BD9E0096DB45 /* LogViewVM.swift */; };
		FC4F92092BF4BDAD0096DB45 /* NewLogItemVM.swift in Sources */ = {isa = PBXBuildFile; fileRef = FC4F92082BF4BDAD0096DB45 /* NewLogItemVM.swift */; };
		FC4F920B2BF4BDBC0096DB45 /* LoginViewVM.swift in Sources */ = {isa = PBXBuildFile; fileRef = FC4F920A2BF4BDBC0096DB45 /* LoginViewVM.swift */; };
		FC4F920D2BF4BDCC0096DB45 /* RegisterViewVM.swift in Sources */ = {isa = PBXBuildFile; fileRef = FC4F920C2BF4BDCC0096DB45 /* RegisterViewVM.swift */; };
		FC4F920F2BF4BDE50096DB45 /* LogItemViewVM.swift in Sources */ = {isa = PBXBuildFile; fileRef = FC4F920E2BF4BDE50096DB45 /* LogItemViewVM.swift */; };
		FC4F92112BF4C25D0096DB45 /* LoginHeaderView.swift in Sources */ = {isa = PBXBuildFile; fileRef = FC4F92102BF4C25D0096DB45 /* LoginHeaderView.swift */; };
		FC9ADB682BF612B400A93535 /* LLButton.swift in Sources */ = {isa = PBXBuildFile; fileRef = FC9ADB672BF612B400A93535 /* LLButton.swift */; };
		FC9ADB7E2BF63F2C00A93535 /* FirebaseAnalytics in Frameworks */ = {isa = PBXBuildFile; productRef = FC9ADB7D2BF63F2C00A93535 /* FirebaseAnalytics */; };
		FC9ADB802BF63F2C00A93535 /* FirebaseAnalyticsOnDeviceConversion in Frameworks */ = {isa = PBXBuildFile; productRef = FC9ADB7F2BF63F2C00A93535 /* FirebaseAnalyticsOnDeviceConversion */; };
		FC9ADB822BF63F2C00A93535 /* FirebaseAnalyticsSwift in Frameworks */ = {isa = PBXBuildFile; productRef = FC9ADB812BF63F2C00A93535 /* FirebaseAnalyticsSwift */; };
		FC9ADB842BF63F2C00A93535 /* FirebaseAnalyticsWithoutAdIdSupport in Frameworks */ = {isa = PBXBuildFile; productRef = FC9ADB832BF63F2C00A93535 /* FirebaseAnalyticsWithoutAdIdSupport */; };
		FC9ADB862BF63F2C00A93535 /* FirebaseAppCheck in Frameworks */ = {isa = PBXBuildFile; productRef = FC9ADB852BF63F2C00A93535 /* FirebaseAppCheck */; };
		FC9ADBE02BF6493600A93535 /* FirebaseAnalytics in Frameworks */ = {isa = PBXBuildFile; productRef = FC9ADBDF2BF6493600A93535 /* FirebaseAnalytics */; };
		FC9ADBE22BF6493600A93535 /* FirebaseAnalyticsOnDeviceConversion in Frameworks */ = {isa = PBXBuildFile; productRef = FC9ADBE12BF6493600A93535 /* FirebaseAnalyticsOnDeviceConversion */; };
		FC9ADBE42BF6493600A93535 /* FirebaseAnalyticsSwift in Frameworks */ = {isa = PBXBuildFile; productRef = FC9ADBE32BF6493600A93535 /* FirebaseAnalyticsSwift */; };
		FC9ADBE62BF6493600A93535 /* FirebaseAnalyticsWithoutAdIdSupport in Frameworks */ = {isa = PBXBuildFile; productRef = FC9ADBE52BF6493600A93535 /* FirebaseAnalyticsWithoutAdIdSupport */; };
		FC9ADBE82BF6493600A93535 /* FirebaseAppCheck in Frameworks */ = {isa = PBXBuildFile; productRef = FC9ADBE72BF6493600A93535 /* FirebaseAppCheck */; };
		FC9ADBEA2BF6493600A93535 /* FirebaseAppDistribution-Beta in Frameworks */ = {isa = PBXBuildFile; productRef = FC9ADBE92BF6493600A93535 /* FirebaseAppDistribution-Beta */; };
		FC9ADBEC2BF6493600A93535 /* FirebaseAuth in Frameworks */ = {isa = PBXBuildFile; productRef = FC9ADBEB2BF6493600A93535 /* FirebaseAuth */; };
		FC9ADBEE2BF6493600A93535 /* FirebaseAuthCombine-Community in Frameworks */ = {isa = PBXBuildFile; productRef = FC9ADBED2BF6493600A93535 /* FirebaseAuthCombine-Community */; };
		FC9ADBF02BF6493600A93535 /* FirebaseCrashlytics in Frameworks */ = {isa = PBXBuildFile; productRef = FC9ADBEF2BF6493600A93535 /* FirebaseCrashlytics */; };
		FC9ADBF22BF6493600A93535 /* FirebaseDatabase in Frameworks */ = {isa = PBXBuildFile; productRef = FC9ADBF12BF6493600A93535 /* FirebaseDatabase */; };
		FC9ADBF42BF6493600A93535 /* FirebaseDatabaseSwift in Frameworks */ = {isa = PBXBuildFile; productRef = FC9ADBF32BF6493600A93535 /* FirebaseDatabaseSwift */; };
		FC9ADBF62BF6493600A93535 /* FirebaseDynamicLinks in Frameworks */ = {isa = PBXBuildFile; productRef = FC9ADBF52BF6493600A93535 /* FirebaseDynamicLinks */; };
		FC9ADBF82BF6493600A93535 /* FirebaseFirestore in Frameworks */ = {isa = PBXBuildFile; productRef = FC9ADBF72BF6493600A93535 /* FirebaseFirestore */; };
		FC9ADBFA2BF6493600A93535 /* FirebaseFirestoreCombine-Community in Frameworks */ = {isa = PBXBuildFile; productRef = FC9ADBF92BF6493600A93535 /* FirebaseFirestoreCombine-Community */; };
		FC9ADBFC2BF6493600A93535 /* FirebaseFirestoreSwift in Frameworks */ = {isa = PBXBuildFile; productRef = FC9ADBFB2BF6493600A93535 /* FirebaseFirestoreSwift */; };
		FC9ADBFE2BF6493600A93535 /* FirebaseFunctions in Frameworks */ = {isa = PBXBuildFile; productRef = FC9ADBFD2BF6493600A93535 /* FirebaseFunctions */; };
		FC9ADC002BF6493600A93535 /* FirebasePerformance in Frameworks */ = {isa = PBXBuildFile; productRef = FC9ADBFF2BF6493600A93535 /* FirebasePerformance */; };
		FC9ADC022BF6493600A93535 /* FirebaseRemoteConfig in Frameworks */ = {isa = PBXBuildFile; productRef = FC9ADC012BF6493600A93535 /* FirebaseRemoteConfig */; };
		FC9ADC042BF6493600A93535 /* FirebaseRemoteConfigSwift in Frameworks */ = {isa = PBXBuildFile; productRef = FC9ADC032BF6493600A93535 /* FirebaseRemoteConfigSwift */; };
		FC9ADC062BF6493600A93535 /* FirebaseStorage in Frameworks */ = {isa = PBXBuildFile; productRef = FC9ADC052BF6493600A93535 /* FirebaseStorage */; };
		FC9ADC082BF6493600A93535 /* FirebaseStorageCombine-Community in Frameworks */ = {isa = PBXBuildFile; productRef = FC9ADC072BF6493600A93535 /* FirebaseStorageCombine-Community */; };
		FC9ADC0A2BF6493600A93535 /* FirebaseVertexAI-Preview in Frameworks */ = {isa = PBXBuildFile; productRef = FC9ADC092BF6493600A93535 /* FirebaseVertexAI-Preview */; };
		FC9ADC0C2BF75C0400A93535 /* Extensions.swift in Sources */ = {isa = PBXBuildFile; fileRef = FC9ADC0B2BF75C0400A93535 /* Extensions.swift */; };
		FC9ADC0E2BFCAE9C00A93535 /* Launch Screen.storyboard in Resources */ = {isa = PBXBuildFile; fileRef = FC9ADC0D2BFCAE9C00A93535 /* Launch Screen.storyboard */; };
/* End PBXBuildFile section */

/* Begin PBXFileReference section */
		FC4F91CE2BF4B5640096DB45 /* LeafyLog.app */ = {isa = PBXFileReference; explicitFileType = wrapper.application; includeInIndex = 0; path = LeafyLog.app; sourceTree = BUILT_PRODUCTS_DIR; };
		FC4F91D12BF4B5640096DB45 /* LeafyLogApp.swift */ = {isa = PBXFileReference; lastKnownFileType = sourcecode.swift; path = LeafyLogApp.swift; sourceTree = "<group>"; };
		FC4F91D32BF4B5640096DB45 /* ContentView.swift */ = {isa = PBXFileReference; lastKnownFileType = sourcecode.swift; path = ContentView.swift; sourceTree = "<group>"; };
		FC4F91D52BF4B5660096DB45 /* Assets.xcassets */ = {isa = PBXFileReference; lastKnownFileType = folder.assetcatalog; path = Assets.xcassets; sourceTree = "<group>"; };
		FC4F91D82BF4B5660096DB45 /* Preview Assets.xcassets */ = {isa = PBXFileReference; lastKnownFileType = folder.assetcatalog; path = "Preview Assets.xcassets"; sourceTree = "<group>"; };
		FC4F91DF2BF4B7B40096DB45 /* GoogleService-Info.plist */ = {isa = PBXFileReference; fileEncoding = 4; lastKnownFileType = text.plist.xml; path = "GoogleService-Info.plist"; sourceTree = "<group>"; };
		FC4F91F22BF4BC6B0096DB45 /* ProfileView.swift */ = {isa = PBXFileReference; lastKnownFileType = sourcecode.swift; path = ProfileView.swift; sourceTree = "<group>"; };
		FC4F91F42BF4BC970096DB45 /* LogView.swift */ = {isa = PBXFileReference; lastKnownFileType = sourcecode.swift; path = LogView.swift; sourceTree = "<group>"; };
		FC4F91F62BF4BCC30096DB45 /* NewLogItemView.swift */ = {isa = PBXFileReference; lastKnownFileType = sourcecode.swift; path = NewLogItemView.swift; sourceTree = "<group>"; };
		FC4F91F82BF4BCD80096DB45 /* LoginView.swift */ = {isa = PBXFileReference; lastKnownFileType = sourcecode.swift; path = LoginView.swift; sourceTree = "<group>"; };
		FC4F91FA2BF4BCEE0096DB45 /* RegisterView.swift */ = {isa = PBXFileReference; lastKnownFileType = sourcecode.swift; path = RegisterView.swift; sourceTree = "<group>"; };
		FC4F91FC2BF4BD0B0096DB45 /* LogItemView.swift */ = {isa = PBXFileReference; lastKnownFileType = sourcecode.swift; path = LogItemView.swift; sourceTree = "<group>"; };
		FC4F91FE2BF4BD380096DB45 /* User.swift */ = {isa = PBXFileReference; lastKnownFileType = sourcecode.swift; path = User.swift; sourceTree = "<group>"; };
		FC4F92002BF4BD420096DB45 /* LogItem.swift */ = {isa = PBXFileReference; lastKnownFileType = sourcecode.swift; path = LogItem.swift; sourceTree = "<group>"; };
		FC4F92022BF4BD800096DB45 /* ContentViewVM.swift */ = {isa = PBXFileReference; lastKnownFileType = sourcecode.swift; path = ContentViewVM.swift; sourceTree = "<group>"; };
		FC4F92042BF4BD8F0096DB45 /* ProfileViewVM.swift */ = {isa = PBXFileReference; lastKnownFileType = sourcecode.swift; path = ProfileViewVM.swift; sourceTree = "<group>"; };
		FC4F92062BF4BD9E0096DB45 /* LogViewVM.swift */ = {isa = PBXFileReference; lastKnownFileType = sourcecode.swift; path = LogViewVM.swift; sourceTree = "<group>"; };
		FC4F92082BF4BDAD0096DB45 /* NewLogItemVM.swift */ = {isa = PBXFileReference; lastKnownFileType = sourcecode.swift; path = NewLogItemVM.swift; sourceTree = "<group>"; };
		FC4F920A2BF4BDBC0096DB45 /* LoginViewVM.swift */ = {isa = PBXFileReference; lastKnownFileType = sourcecode.swift; path = LoginViewVM.swift; sourceTree = "<group>"; };
		FC4F920C2BF4BDCC0096DB45 /* RegisterViewVM.swift */ = {isa = PBXFileReference; lastKnownFileType = sourcecode.swift; path = RegisterViewVM.swift; sourceTree = "<group>"; };
		FC4F920E2BF4BDE50096DB45 /* LogItemViewVM.swift */ = {isa = PBXFileReference; lastKnownFileType = sourcecode.swift; path = LogItemViewVM.swift; sourceTree = "<group>"; };
		FC4F92102BF4C25D0096DB45 /* LoginHeaderView.swift */ = {isa = PBXFileReference; lastKnownFileType = sourcecode.swift; path = LoginHeaderView.swift; sourceTree = "<group>"; };
		FC9ADB672BF612B400A93535 /* LLButton.swift */ = {isa = PBXFileReference; lastKnownFileType = sourcecode.swift; path = LLButton.swift; sourceTree = "<group>"; };
		FC9ADC0B2BF75C0400A93535 /* Extensions.swift */ = {isa = PBXFileReference; lastKnownFileType = sourcecode.swift; path = Extensions.swift; sourceTree = "<group>"; };
		FC9ADC0D2BFCAE9C00A93535 /* Launch Screen.storyboard */ = {isa = PBXFileReference; lastKnownFileType = file.storyboard; path = "Launch Screen.storyboard"; sourceTree = "<group>"; };
/* End PBXFileReference section */

/* Begin PBXFrameworksBuildPhase section */
		FC4F91CB2BF4B5640096DB45 /* Frameworks */ = {
			isa = PBXFrameworksBuildPhase;
			buildActionMask = 2147483647;
			files = (
				FC9ADC002BF6493600A93535 /* FirebasePerformance in Frameworks */,
				FC9ADBFA2BF6493600A93535 /* FirebaseFirestoreCombine-Community in Frameworks */,
				FC9ADBF22BF6493600A93535 /* FirebaseDatabase in Frameworks */,
				FC9ADC062BF6493600A93535 /* FirebaseStorage in Frameworks */,
				FC9ADB822BF63F2C00A93535 /* FirebaseAnalyticsSwift in Frameworks */,
				FC9ADB802BF63F2C00A93535 /* FirebaseAnalyticsOnDeviceConversion in Frameworks */,
				FC9ADBE02BF6493600A93535 /* FirebaseAnalytics in Frameworks */,
				FC9ADBF02BF6493600A93535 /* FirebaseCrashlytics in Frameworks */,
				FC9ADBF82BF6493600A93535 /* FirebaseFirestore in Frameworks */,
				FC9ADC0A2BF6493600A93535 /* FirebaseVertexAI-Preview in Frameworks */,
				FC9ADBF62BF6493600A93535 /* FirebaseDynamicLinks in Frameworks */,
				FC9ADC042BF6493600A93535 /* FirebaseRemoteConfigSwift in Frameworks */,
				FC9ADBE22BF6493600A93535 /* FirebaseAnalyticsOnDeviceConversion in Frameworks */,
				FC9ADBEE2BF6493600A93535 /* FirebaseAuthCombine-Community in Frameworks */,
				FC9ADBE42BF6493600A93535 /* FirebaseAnalyticsSwift in Frameworks */,
				FC9ADBF42BF6493600A93535 /* FirebaseDatabaseSwift in Frameworks */,
				FC9ADB862BF63F2C00A93535 /* FirebaseAppCheck in Frameworks */,
				FC9ADC082BF6493600A93535 /* FirebaseStorageCombine-Community in Frameworks */,
				FC9ADB842BF63F2C00A93535 /* FirebaseAnalyticsWithoutAdIdSupport in Frameworks */,
				FC9ADBEC2BF6493600A93535 /* FirebaseAuth in Frameworks */,
				FC9ADBFE2BF6493600A93535 /* FirebaseFunctions in Frameworks */,
				FC9ADBFC2BF6493600A93535 /* FirebaseFirestoreSwift in Frameworks */,
				FC9ADC022BF6493600A93535 /* FirebaseRemoteConfig in Frameworks */,
				FC9ADBE62BF6493600A93535 /* FirebaseAnalyticsWithoutAdIdSupport in Frameworks */,
				FC9ADBE82BF6493600A93535 /* FirebaseAppCheck in Frameworks */,
				FC9ADBEA2BF6493600A93535 /* FirebaseAppDistribution-Beta in Frameworks */,
				FC9ADB7E2BF63F2C00A93535 /* FirebaseAnalytics in Frameworks */,
			);
			runOnlyForDeploymentPostprocessing = 0;
		};
/* End PBXFrameworksBuildPhase section */

/* Begin PBXGroup section */
		FC4F91C52BF4B5640096DB45 = {
			isa = PBXGroup;
			children = (
				FC4F91D02BF4B5640096DB45 /* LeafyLog */,
				FC4F91CF2BF4B5640096DB45 /* Products */,
			);
			sourceTree = "<group>";
		};
		FC4F91CF2BF4B5640096DB45 /* Products */ = {
			isa = PBXGroup;
			children = (
				FC4F91CE2BF4B5640096DB45 /* LeafyLog.app */,
			);
			name = Products;
			sourceTree = "<group>";
		};
		FC4F91D02BF4B5640096DB45 /* LeafyLog */ = {
			isa = PBXGroup;
			children = (
				FC4F91EF2BF4BB620096DB45 /* Other */,
				FC4F91EE2BF4BB5A0096DB45 /* Models */,
				FC4F91ED2BF4BB530096DB45 /* ViewModels */,
				FC4F91EC2BF4BB4E0096DB45 /* Views */,
				FC4F91D72BF4B5660096DB45 /* Preview Content */,
			);
			path = LeafyLog;
			sourceTree = "<group>";
		};
		FC4F91D72BF4B5660096DB45 /* Preview Content */ = {
			isa = PBXGroup;
			children = (
				FC4F91D82BF4B5660096DB45 /* Preview Assets.xcassets */,
			);
			path = "Preview Content";
			sourceTree = "<group>";
		};
		FC4F91EC2BF4BB4E0096DB45 /* Views */ = {
			isa = PBXGroup;
			children = (
				FC4F91D32BF4B5640096DB45 /* ContentView.swift */,
				FC4F91F22BF4BC6B0096DB45 /* ProfileView.swift */,
				FC4F91F42BF4BC970096DB45 /* LogView.swift */,
				FC4F91F62BF4BCC30096DB45 /* NewLogItemView.swift */,
				FC4F91F82BF4BCD80096DB45 /* LoginView.swift */,
				FC4F91FA2BF4BCEE0096DB45 /* RegisterView.swift */,
				FC4F91FC2BF4BD0B0096DB45 /* LogItemView.swift */,
				FC4F92102BF4C25D0096DB45 /* LoginHeaderView.swift */,
				FC9ADB672BF612B400A93535 /* LLButton.swift */,
			);
			path = Views;
			sourceTree = "<group>";
		};
		FC4F91ED2BF4BB530096DB45 /* ViewModels */ = {
			isa = PBXGroup;
			children = (
				FC4F92022BF4BD800096DB45 /* ContentViewVM.swift */,
				FC4F92042BF4BD8F0096DB45 /* ProfileViewVM.swift */,
				FC4F92062BF4BD9E0096DB45 /* LogViewVM.swift */,
				FC4F92082BF4BDAD0096DB45 /* NewLogItemVM.swift */,
				FC4F920A2BF4BDBC0096DB45 /* LoginViewVM.swift */,
				FC4F920C2BF4BDCC0096DB45 /* RegisterViewVM.swift */,
				FC4F920E2BF4BDE50096DB45 /* LogItemViewVM.swift */,
			);
			path = ViewModels;
			sourceTree = "<group>";
		};
		FC4F91EE2BF4BB5A0096DB45 /* Models */ = {
			isa = PBXGroup;
			children = (
				FC4F91FE2BF4BD380096DB45 /* User.swift */,
				FC4F92002BF4BD420096DB45 /* LogItem.swift */,
			);
			path = Models;
			sourceTree = "<group>";
		};
		FC4F91EF2BF4BB620096DB45 /* Other */ = {
			isa = PBXGroup;
			children = (
				FC4F91D52BF4B5660096DB45 /* Assets.xcassets */,
				FC4F91DF2BF4B7B40096DB45 /* GoogleService-Info.plist */,
				FC4F91D12BF4B5640096DB45 /* LeafyLogApp.swift */,
				FC9ADC0B2BF75C0400A93535 /* Extensions.swift */,
				FC9ADC0D2BFCAE9C00A93535 /* Launch Screen.storyboard */,
			);
			path = Other;
			sourceTree = "<group>";
		};
/* End PBXGroup section */

/* Begin PBXNativeTarget section */
		FC4F91CD2BF4B5640096DB45 /* LeafyLog */ = {
			isa = PBXNativeTarget;
			buildConfigurationList = FC4F91DC2BF4B5660096DB45 /* Build configuration list for PBXNativeTarget "LeafyLog" */;
			buildPhases = (
				FC4F91CA2BF4B5640096DB45 /* Sources */,
				FC4F91CB2BF4B5640096DB45 /* Frameworks */,
				FC4F91CC2BF4B5640096DB45 /* Resources */,
			);
			buildRules = (
			);
			dependencies = (
			);
			name = LeafyLog;
			packageProductDependencies = (
				FC9ADB7D2BF63F2C00A93535 /* FirebaseAnalytics */,
				FC9ADB7F2BF63F2C00A93535 /* FirebaseAnalyticsOnDeviceConversion */,
				FC9ADB812BF63F2C00A93535 /* FirebaseAnalyticsSwift */,
				FC9ADB832BF63F2C00A93535 /* FirebaseAnalyticsWithoutAdIdSupport */,
				FC9ADB852BF63F2C00A93535 /* FirebaseAppCheck */,
				FC9ADBDF2BF6493600A93535 /* FirebaseAnalytics */,
				FC9ADBE12BF6493600A93535 /* FirebaseAnalyticsOnDeviceConversion */,
				FC9ADBE32BF6493600A93535 /* FirebaseAnalyticsSwift */,
				FC9ADBE52BF6493600A93535 /* FirebaseAnalyticsWithoutAdIdSupport */,
				FC9ADBE72BF6493600A93535 /* FirebaseAppCheck */,
				FC9ADBE92BF6493600A93535 /* FirebaseAppDistribution-Beta */,
				FC9ADBEB2BF6493600A93535 /* FirebaseAuth */,
				FC9ADBED2BF6493600A93535 /* FirebaseAuthCombine-Community */,
				FC9ADBEF2BF6493600A93535 /* FirebaseCrashlytics */,
				FC9ADBF12BF6493600A93535 /* FirebaseDatabase */,
				FC9ADBF32BF6493600A93535 /* FirebaseDatabaseSwift */,
				FC9ADBF52BF6493600A93535 /* FirebaseDynamicLinks */,
				FC9ADBF72BF6493600A93535 /* FirebaseFirestore */,
				FC9ADBF92BF6493600A93535 /* FirebaseFirestoreCombine-Community */,
				FC9ADBFB2BF6493600A93535 /* FirebaseFirestoreSwift */,
				FC9ADBFD2BF6493600A93535 /* FirebaseFunctions */,
				FC9ADBFF2BF6493600A93535 /* FirebasePerformance */,
				FC9ADC012BF6493600A93535 /* FirebaseRemoteConfig */,
				FC9ADC032BF6493600A93535 /* FirebaseRemoteConfigSwift */,
				FC9ADC052BF6493600A93535 /* FirebaseStorage */,
				FC9ADC072BF6493600A93535 /* FirebaseStorageCombine-Community */,
				FC9ADC092BF6493600A93535 /* FirebaseVertexAI-Preview */,
			);
			productName = LeafyLog;
			productReference = FC4F91CE2BF4B5640096DB45 /* LeafyLog.app */;
			productType = "com.apple.product-type.application";
		};
/* End PBXNativeTarget section */

/* Begin PBXProject section */
		FC4F91C62BF4B5640096DB45 /* Project object */ = {
			isa = PBXProject;
			attributes = {
				BuildIndependentTargetsInParallel = 1;
				LastSwiftUpdateCheck = 1520;
				LastUpgradeCheck = 1520;
				TargetAttributes = {
					FC4F91CD2BF4B5640096DB45 = {
						CreatedOnToolsVersion = 15.2;
					};
				};
			};
			buildConfigurationList = FC4F91C92BF4B5640096DB45 /* Build configuration list for PBXProject "LeafyLog" */;
			compatibilityVersion = "Xcode 14.0";
			developmentRegion = en;
			hasScannedForEncodings = 0;
			knownRegions = (
				en,
				Base,
			);
			mainGroup = FC4F91C52BF4B5640096DB45;
			packageReferences = (
				FC9ADBDE2BF6493600A93535 /* XCRemoteSwiftPackageReference "firebase-ios-sdk" */,
			);
			productRefGroup = FC4F91CF2BF4B5640096DB45 /* Products */;
			projectDirPath = "";
			projectRoot = "";
			targets = (
				FC4F91CD2BF4B5640096DB45 /* LeafyLog */,
			);
		};
/* End PBXProject section */

/* Begin PBXResourcesBuildPhase section */
		FC4F91CC2BF4B5640096DB45 /* Resources */ = {
			isa = PBXResourcesBuildPhase;
			buildActionMask = 2147483647;
			files = (
				FC4F91D92BF4B5660096DB45 /* Preview Assets.xcassets in Resources */,
				FC4F91D62BF4B5660096DB45 /* Assets.xcassets in Resources */,
				FC9ADC0E2BFCAE9C00A93535 /* Launch Screen.storyboard in Resources */,
				FC4F91E02BF4B7B40096DB45 /* GoogleService-Info.plist in Resources */,
			);
			runOnlyForDeploymentPostprocessing = 0;
		};
/* End PBXResourcesBuildPhase section */

/* Begin PBXSourcesBuildPhase section */
		FC4F91CA2BF4B5640096DB45 /* Sources */ = {
			isa = PBXSourcesBuildPhase;
			buildActionMask = 2147483647;
			files = (
				FC4F92072BF4BD9E0096DB45 /* LogViewVM.swift in Sources */,
				FC4F92112BF4C25D0096DB45 /* LoginHeaderView.swift in Sources */,
				FC4F91FD2BF4BD0B0096DB45 /* LogItemView.swift in Sources */,
				FC4F920D2BF4BDCC0096DB45 /* RegisterViewVM.swift in Sources */,
				FC4F91F92BF4BCD80096DB45 /* LoginView.swift in Sources */,
				FC4F91D42BF4B5640096DB45 /* ContentView.swift in Sources */,
				FC4F920F2BF4BDE50096DB45 /* LogItemViewVM.swift in Sources */,
				FC4F91F52BF4BC970096DB45 /* LogView.swift in Sources */,
				FC4F92032BF4BD800096DB45 /* ContentViewVM.swift in Sources */,
				FC4F92052BF4BD8F0096DB45 /* ProfileViewVM.swift in Sources */,
				FC4F91FB2BF4BCEE0096DB45 /* RegisterView.swift in Sources */,
				FC9ADB682BF612B400A93535 /* LLButton.swift in Sources */,
				FC4F92012BF4BD420096DB45 /* LogItem.swift in Sources */,
				FC4F920B2BF4BDBC0096DB45 /* LoginViewVM.swift in Sources */,
				FC4F92092BF4BDAD0096DB45 /* NewLogItemVM.swift in Sources */,
				FC9ADC0C2BF75C0400A93535 /* Extensions.swift in Sources */,
				FC4F91FF2BF4BD380096DB45 /* User.swift in Sources */,
				FC4F91F72BF4BCC30096DB45 /* NewLogItemView.swift in Sources */,
				FC4F91F32BF4BC6B0096DB45 /* ProfileView.swift in Sources */,
				FC4F91D22BF4B5640096DB45 /* LeafyLogApp.swift in Sources */,
			);
			runOnlyForDeploymentPostprocessing = 0;
		};
/* End PBXSourcesBuildPhase section */

/* Begin XCBuildConfiguration section */
		FC4F91DA2BF4B5660096DB45 /* Debug */ = {
			isa = XCBuildConfiguration;
			buildSettings = {
				ALWAYS_SEARCH_USER_PATHS = NO;
				ASSETCATALOG_COMPILER_GENERATE_SWIFT_ASSET_SYMBOL_EXTENSIONS = YES;
				CLANG_ANALYZER_NONNULL = YES;
				CLANG_ANALYZER_NUMBER_OBJECT_CONVERSION = YES_AGGRESSIVE;
				CLANG_CXX_LANGUAGE_STANDARD = "gnu++20";
				CLANG_ENABLE_MODULES = YES;
				CLANG_ENABLE_OBJC_ARC = YES;
				CLANG_ENABLE_OBJC_WEAK = YES;
				CLANG_WARN_BLOCK_CAPTURE_AUTORELEASING = YES;
				CLANG_WARN_BOOL_CONVERSION = YES;
				CLANG_WARN_COMMA = YES;
				CLANG_WARN_CONSTANT_CONVERSION = YES;
				CLANG_WARN_DEPRECATED_OBJC_IMPLEMENTATIONS = YES;
				CLANG_WARN_DIRECT_OBJC_ISA_USAGE = YES_ERROR;
				CLANG_WARN_DOCUMENTATION_COMMENTS = YES;
				CLANG_WARN_EMPTY_BODY = YES;
				CLANG_WARN_ENUM_CONVERSION = YES;
				CLANG_WARN_INFINITE_RECURSION = YES;
				CLANG_WARN_INT_CONVERSION = YES;
				CLANG_WARN_NON_LITERAL_NULL_CONVERSION = YES;
				CLANG_WARN_OBJC_IMPLICIT_RETAIN_SELF = YES;
				CLANG_WARN_OBJC_LITERAL_CONVERSION = YES;
				CLANG_WARN_OBJC_ROOT_CLASS = YES_ERROR;
				CLANG_WARN_QUOTED_INCLUDE_IN_FRAMEWORK_HEADER = YES;
				CLANG_WARN_RANGE_LOOP_ANALYSIS = YES;
				CLANG_WARN_STRICT_PROTOTYPES = YES;
				CLANG_WARN_SUSPICIOUS_MOVE = YES;
				CLANG_WARN_UNGUARDED_AVAILABILITY = YES_AGGRESSIVE;
				CLANG_WARN_UNREACHABLE_CODE = YES;
				CLANG_WARN__DUPLICATE_METHOD_MATCH = YES;
				COPY_PHASE_STRIP = NO;
				DEBUG_INFORMATION_FORMAT = dwarf;
				ENABLE_STRICT_OBJC_MSGSEND = YES;
				ENABLE_TESTABILITY = YES;
				ENABLE_USER_SCRIPT_SANDBOXING = YES;
				GCC_C_LANGUAGE_STANDARD = gnu17;
				GCC_DYNAMIC_NO_PIC = NO;
				GCC_NO_COMMON_BLOCKS = YES;
				GCC_OPTIMIZATION_LEVEL = 0;
				GCC_PREPROCESSOR_DEFINITIONS = (
					"DEBUG=1",
					"$(inherited)",
				);
				GCC_WARN_64_TO_32_BIT_CONVERSION = YES;
				GCC_WARN_ABOUT_RETURN_TYPE = YES_ERROR;
				GCC_WARN_UNDECLARED_SELECTOR = YES;
				GCC_WARN_UNINITIALIZED_AUTOS = YES_AGGRESSIVE;
				GCC_WARN_UNUSED_FUNCTION = YES;
				GCC_WARN_UNUSED_VARIABLE = YES;
				IPHONEOS_DEPLOYMENT_TARGET = 17.2;
				LOCALIZATION_PREFERS_STRING_CATALOGS = YES;
				MTL_ENABLE_DEBUG_INFO = INCLUDE_SOURCE;
				MTL_FAST_MATH = YES;
				ONLY_ACTIVE_ARCH = YES;
				SDKROOT = iphoneos;
				SWIFT_ACTIVE_COMPILATION_CONDITIONS = "DEBUG $(inherited)";
				SWIFT_OPTIMIZATION_LEVEL = "-Onone";
			};
			name = Debug;
		};
		FC4F91DB2BF4B5660096DB45 /* Release */ = {
			isa = XCBuildConfiguration;
			buildSettings = {
				ALWAYS_SEARCH_USER_PATHS = NO;
				ASSETCATALOG_COMPILER_GENERATE_SWIFT_ASSET_SYMBOL_EXTENSIONS = YES;
				CLANG_ANALYZER_NONNULL = YES;
				CLANG_ANALYZER_NUMBER_OBJECT_CONVERSION = YES_AGGRESSIVE;
				CLANG_CXX_LANGUAGE_STANDARD = "gnu++20";
				CLANG_ENABLE_MODULES = YES;
				CLANG_ENABLE_OBJC_ARC = YES;
				CLANG_ENABLE_OBJC_WEAK = YES;
				CLANG_WARN_BLOCK_CAPTURE_AUTORELEASING = YES;
				CLANG_WARN_BOOL_CONVERSION = YES;
				CLANG_WARN_COMMA = YES;
				CLANG_WARN_CONSTANT_CONVERSION = YES;
				CLANG_WARN_DEPRECATED_OBJC_IMPLEMENTATIONS = YES;
				CLANG_WARN_DIRECT_OBJC_ISA_USAGE = YES_ERROR;
				CLANG_WARN_DOCUMENTATION_COMMENTS = YES;
				CLANG_WARN_EMPTY_BODY = YES;
				CLANG_WARN_ENUM_CONVERSION = YES;
				CLANG_WARN_INFINITE_RECURSION = YES;
				CLANG_WARN_INT_CONVERSION = YES;
				CLANG_WARN_NON_LITERAL_NULL_CONVERSION = YES;
				CLANG_WARN_OBJC_IMPLICIT_RETAIN_SELF = YES;
				CLANG_WARN_OBJC_LITERAL_CONVERSION = YES;
				CLANG_WARN_OBJC_ROOT_CLASS = YES_ERROR;
				CLANG_WARN_QUOTED_INCLUDE_IN_FRAMEWORK_HEADER = YES;
				CLANG_WARN_RANGE_LOOP_ANALYSIS = YES;
				CLANG_WARN_STRICT_PROTOTYPES = YES;
				CLANG_WARN_SUSPICIOUS_MOVE = YES;
				CLANG_WARN_UNGUARDED_AVAILABILITY = YES_AGGRESSIVE;
				CLANG_WARN_UNREACHABLE_CODE = YES;
				CLANG_WARN__DUPLICATE_METHOD_MATCH = YES;
				COPY_PHASE_STRIP = NO;
				DEBUG_INFORMATION_FORMAT = "dwarf-with-dsym";
				ENABLE_NS_ASSERTIONS = NO;
				ENABLE_STRICT_OBJC_MSGSEND = YES;
				ENABLE_USER_SCRIPT_SANDBOXING = YES;
				GCC_C_LANGUAGE_STANDARD = gnu17;
				GCC_NO_COMMON_BLOCKS = YES;
				GCC_WARN_64_TO_32_BIT_CONVERSION = YES;
				GCC_WARN_ABOUT_RETURN_TYPE = YES_ERROR;
				GCC_WARN_UNDECLARED_SELECTOR = YES;
				GCC_WARN_UNINITIALIZED_AUTOS = YES_AGGRESSIVE;
				GCC_WARN_UNUSED_FUNCTION = YES;
				GCC_WARN_UNUSED_VARIABLE = YES;
				IPHONEOS_DEPLOYMENT_TARGET = 17.2;
				LOCALIZATION_PREFERS_STRING_CATALOGS = YES;
				MTL_ENABLE_DEBUG_INFO = NO;
				MTL_FAST_MATH = YES;
				SDKROOT = iphoneos;
				SWIFT_COMPILATION_MODE = wholemodule;
				VALIDATE_PRODUCT = YES;
			};
			name = Release;
		};
		FC4F91DD2BF4B5660096DB45 /* Debug */ = {
			isa = XCBuildConfiguration;
			buildSettings = {
				ASSETCATALOG_COMPILER_APPICON_NAME = AppIcon;
				ASSETCATALOG_COMPILER_GLOBAL_ACCENT_COLOR_NAME = AccentColor;
				CODE_SIGN_STYLE = Automatic;
				CURRENT_PROJECT_VERSION = 1;
				DEVELOPMENT_ASSET_PATHS = "\"LeafyLog/Preview Content\"";
				DEVELOPMENT_TEAM = U6UXL4X6P2;
				ENABLE_PREVIEWS = YES;
				GENERATE_INFOPLIST_FILE = YES;
				INFOPLIST_KEY_CFBundleDisplayName = "Leafy Log";
				INFOPLIST_KEY_UIApplicationSceneManifest_Generation = YES;
				INFOPLIST_KEY_UIApplicationSupportsIndirectInputEvents = YES;
				INFOPLIST_KEY_UILaunchScreen_Generation = YES;
				INFOPLIST_KEY_UILaunchStoryboardName = "Launch Screen.storyboard";
				INFOPLIST_KEY_UISupportedInterfaceOrientations = UIInterfaceOrientationPortrait;
				LD_RUNPATH_SEARCH_PATHS = (
					"$(inherited)",
					"@executable_path/Frameworks",
				);
				MARKETING_VERSION = 1.0;
				PRODUCT_BUNDLE_IDENTIFIER = com.ankitbhade.LeafyLog;
				PRODUCT_NAME = "$(TARGET_NAME)";
				SWIFT_EMIT_LOC_STRINGS = YES;
				SWIFT_VERSION = 5.0;
				TARGETED_DEVICE_FAMILY = "1,2";
			};
			name = Debug;
		};
		FC4F91DE2BF4B5660096DB45 /* Release */ = {
			isa = XCBuildConfiguration;
			buildSettings = {
				ASSETCATALOG_COMPILER_APPICON_NAME = AppIcon;
				ASSETCATALOG_COMPILER_GLOBAL_ACCENT_COLOR_NAME = AccentColor;
				CODE_SIGN_STYLE = Automatic;
				CURRENT_PROJECT_VERSION = 1;
				DEVELOPMENT_ASSET_PATHS = "\"LeafyLog/Preview Content\"";
				DEVELOPMENT_TEAM = U6UXL4X6P2;
				ENABLE_PREVIEWS = YES;
				GENERATE_INFOPLIST_FILE = YES;
				INFOPLIST_KEY_CFBundleDisplayName = "Leafy Log";
				INFOPLIST_KEY_UIApplicationSceneManifest_Generation = YES;
				INFOPLIST_KEY_UIApplicationSupportsIndirectInputEvents = YES;
				INFOPLIST_KEY_UILaunchScreen_Generation = YES;
				INFOPLIST_KEY_UILaunchStoryboardName = "Launch Screen.storyboard";
				INFOPLIST_KEY_UISupportedInterfaceOrientations = UIInterfaceOrientationPortrait;
				LD_RUNPATH_SEARCH_PATHS = (
					"$(inherited)",
					"@executable_path/Frameworks",
				);
				MARKETING_VERSION = 1.0;
				PRODUCT_BUNDLE_IDENTIFIER = com.ankitbhade.LeafyLog;
				PRODUCT_NAME = "$(TARGET_NAME)";
				SWIFT_EMIT_LOC_STRINGS = YES;
				SWIFT_VERSION = 5.0;
				TARGETED_DEVICE_FAMILY = "1,2";
			};
			name = Release;
		};
/* End XCBuildConfiguration section */

/* Begin XCConfigurationList section */
		FC4F91C92BF4B5640096DB45 /* Build configuration list for PBXProject "LeafyLog" */ = {
			isa = XCConfigurationList;
			buildConfigurations = (
				FC4F91DA2BF4B5660096DB45 /* Debug */,
				FC4F91DB2BF4B5660096DB45 /* Release */,
			);
			defaultConfigurationIsVisible = 0;
			defaultConfigurationName = Release;
		};
		FC4F91DC2BF4B5660096DB45 /* Build configuration list for PBXNativeTarget "LeafyLog" */ = {
			isa = XCConfigurationList;
			buildConfigurations = (
				FC4F91DD2BF4B5660096DB45 /* Debug */,
				FC4F91DE2BF4B5660096DB45 /* Release */,
			);
			defaultConfigurationIsVisible = 0;
			defaultConfigurationName = Release;
		};
/* End XCConfigurationList section */

/* Begin XCRemoteSwiftPackageReference section */
		FC9ADBDE2BF6493600A93535 /* XCRemoteSwiftPackageReference "firebase-ios-sdk" */ = {
			isa = XCRemoteSwiftPackageReference;
			repositoryURL = "https://github.com/firebase/firebase-ios-sdk.git";
			requirement = {
				kind = upToNextMajorVersion;
				minimumVersion = 10.26.0;
			};
		};
/* End XCRemoteSwiftPackageReference section */

/* Begin XCSwiftPackageProductDependency section */
		FC9ADB7D2BF63F2C00A93535 /* FirebaseAnalytics */ = {
			isa = XCSwiftPackageProductDependency;
			productName = FirebaseAnalytics;
		};
		FC9ADB7F2BF63F2C00A93535 /* FirebaseAnalyticsOnDeviceConversion */ = {
			isa = XCSwiftPackageProductDependency;
			productName = FirebaseAnalyticsOnDeviceConversion;
		};
		FC9ADB812BF63F2C00A93535 /* FirebaseAnalyticsSwift */ = {
			isa = XCSwiftPackageProductDependency;
			productName = FirebaseAnalyticsSwift;
		};
		FC9ADB832BF63F2C00A93535 /* FirebaseAnalyticsWithoutAdIdSupport */ = {
			isa = XCSwiftPackageProductDependency;
			productName = FirebaseAnalyticsWithoutAdIdSupport;
		};
		FC9ADB852BF63F2C00A93535 /* FirebaseAppCheck */ = {
			isa = XCSwiftPackageProductDependency;
			productName = FirebaseAppCheck;
		};
		FC9ADBDF2BF6493600A93535 /* FirebaseAnalytics */ = {
			isa = XCSwiftPackageProductDependency;
			package = FC9ADBDE2BF6493600A93535 /* XCRemoteSwiftPackageReference "firebase-ios-sdk" */;
			productName = FirebaseAnalytics;
		};
		FC9ADBE12BF6493600A93535 /* FirebaseAnalyticsOnDeviceConversion */ = {
			isa = XCSwiftPackageProductDependency;
			package = FC9ADBDE2BF6493600A93535 /* XCRemoteSwiftPackageReference "firebase-ios-sdk" */;
			productName = FirebaseAnalyticsOnDeviceConversion;
		};
		FC9ADBE32BF6493600A93535 /* FirebaseAnalyticsSwift */ = {
			isa = XCSwiftPackageProductDependency;
			package = FC9ADBDE2BF6493600A93535 /* XCRemoteSwiftPackageReference "firebase-ios-sdk" */;
			productName = FirebaseAnalyticsSwift;
		};
		FC9ADBE52BF6493600A93535 /* FirebaseAnalyticsWithoutAdIdSupport */ = {
			isa = XCSwiftPackageProductDependency;
			package = FC9ADBDE2BF6493600A93535 /* XCRemoteSwiftPackageReference "firebase-ios-sdk" */;
			productName = FirebaseAnalyticsWithoutAdIdSupport;
		};
		FC9ADBE72BF6493600A93535 /* FirebaseAppCheck */ = {
			isa = XCSwiftPackageProductDependency;
			package = FC9ADBDE2BF6493600A93535 /* XCRemoteSwiftPackageReference "firebase-ios-sdk" */;
			productName = FirebaseAppCheck;
		};
		FC9ADBE92BF6493600A93535 /* FirebaseAppDistribution-Beta */ = {
			isa = XCSwiftPackageProductDependency;
			package = FC9ADBDE2BF6493600A93535 /* XCRemoteSwiftPackageReference "firebase-ios-sdk" */;
			productName = "FirebaseAppDistribution-Beta";
		};
		FC9ADBEB2BF6493600A93535 /* FirebaseAuth */ = {
			isa = XCSwiftPackageProductDependency;
			package = FC9ADBDE2BF6493600A93535 /* XCRemoteSwiftPackageReference "firebase-ios-sdk" */;
			productName = FirebaseAuth;
		};
		FC9ADBED2BF6493600A93535 /* FirebaseAuthCombine-Community */ = {
			isa = XCSwiftPackageProductDependency;
			package = FC9ADBDE2BF6493600A93535 /* XCRemoteSwiftPackageReference "firebase-ios-sdk" */;
			productName = "FirebaseAuthCombine-Community";
		};
		FC9ADBEF2BF6493600A93535 /* FirebaseCrashlytics */ = {
			isa = XCSwiftPackageProductDependency;
			package = FC9ADBDE2BF6493600A93535 /* XCRemoteSwiftPackageReference "firebase-ios-sdk" */;
			productName = FirebaseCrashlytics;
		};
		FC9ADBF12BF6493600A93535 /* FirebaseDatabase */ = {
			isa = XCSwiftPackageProductDependency;
			package = FC9ADBDE2BF6493600A93535 /* XCRemoteSwiftPackageReference "firebase-ios-sdk" */;
			productName = FirebaseDatabase;
		};
		FC9ADBF32BF6493600A93535 /* FirebaseDatabaseSwift */ = {
			isa = XCSwiftPackageProductDependency;
			package = FC9ADBDE2BF6493600A93535 /* XCRemoteSwiftPackageReference "firebase-ios-sdk" */;
			productName = FirebaseDatabaseSwift;
		};
		FC9ADBF52BF6493600A93535 /* FirebaseDynamicLinks */ = {
			isa = XCSwiftPackageProductDependency;
			package = FC9ADBDE2BF6493600A93535 /* XCRemoteSwiftPackageReference "firebase-ios-sdk" */;
			productName = FirebaseDynamicLinks;
		};
		FC9ADBF72BF6493600A93535 /* FirebaseFirestore */ = {
			isa = XCSwiftPackageProductDependency;
			package = FC9ADBDE2BF6493600A93535 /* XCRemoteSwiftPackageReference "firebase-ios-sdk" */;
			productName = FirebaseFirestore;
		};
		FC9ADBF92BF6493600A93535 /* FirebaseFirestoreCombine-Community */ = {
			isa = XCSwiftPackageProductDependency;
			package = FC9ADBDE2BF6493600A93535 /* XCRemoteSwiftPackageReference "firebase-ios-sdk" */;
			productName = "FirebaseFirestoreCombine-Community";
		};
		FC9ADBFB2BF6493600A93535 /* FirebaseFirestoreSwift */ = {
			isa = XCSwiftPackageProductDependency;
			package = FC9ADBDE2BF6493600A93535 /* XCRemoteSwiftPackageReference "firebase-ios-sdk" */;
			productName = FirebaseFirestoreSwift;
		};
		FC9ADBFD2BF6493600A93535 /* FirebaseFunctions */ = {
			isa = XCSwiftPackageProductDependency;
			package = FC9ADBDE2BF6493600A93535 /* XCRemoteSwiftPackageReference "firebase-ios-sdk" */;
			productName = FirebaseFunctions;
		};
		FC9ADBFF2BF6493600A93535 /* FirebasePerformance */ = {
			isa = XCSwiftPackageProductDependency;
			package = FC9ADBDE2BF6493600A93535 /* XCRemoteSwiftPackageReference "firebase-ios-sdk" */;
			productName = FirebasePerformance;
		};
		FC9ADC012BF6493600A93535 /* FirebaseRemoteConfig */ = {
			isa = XCSwiftPackageProductDependency;
			package = FC9ADBDE2BF6493600A93535 /* XCRemoteSwiftPackageReference "firebase-ios-sdk" */;
			productName = FirebaseRemoteConfig;
		};
		FC9ADC032BF6493600A93535 /* FirebaseRemoteConfigSwift */ = {
			isa = XCSwiftPackageProductDependency;
			package = FC9ADBDE2BF6493600A93535 /* XCRemoteSwiftPackageReference "firebase-ios-sdk" */;
			productName = FirebaseRemoteConfigSwift;
		};
		FC9ADC052BF6493600A93535 /* FirebaseStorage */ = {
			isa = XCSwiftPackageProductDependency;
			package = FC9ADBDE2BF6493600A93535 /* XCRemoteSwiftPackageReference "firebase-ios-sdk" */;
			productName = FirebaseStorage;
		};
		FC9ADC072BF6493600A93535 /* FirebaseStorageCombine-Community */ = {
			isa = XCSwiftPackageProductDependency;
			package = FC9ADBDE2BF6493600A93535 /* XCRemoteSwiftPackageReference "firebase-ios-sdk" */;
			productName = "FirebaseStorageCombine-Community";
		};
		FC9ADC092BF6493600A93535 /* FirebaseVertexAI-Preview */ = {
			isa = XCSwiftPackageProductDependency;
			package = FC9ADBDE2BF6493600A93535 /* XCRemoteSwiftPackageReference "firebase-ios-sdk" */;
			productName = "FirebaseVertexAI-Preview";
		};
/* End XCSwiftPackageProductDependency section */
	};
	rootObject = FC4F91C62BF4B5640096DB45 /* Project object */;
}
